
Microsoft Visual Studio Solution File, Format Version 12.00
# Visual Studio Version 17
VisualStudioVersion = 17.1.32407.343
MinimumVisualStudioVersion = 10.0.40219.1
Project("{FAE04EC0-301F-11D3-BF4B-00C04F79EFBC}") = "CriptedOnlineChat", "CriptedOnlineChat\CriptedOnlineChat.csproj", "{2A884304-3BE9-42A5-87CA-71D81B23CFF2}"
EndProject
Global
	GlobalSection(SolutionConfigurationPlatforms) = preSolution
		Debug|Any CPU = Debug|Any CPU
		Release|Any CPU = Release|Any CPU
	EndGlobalSection
	GlobalSection(ProjectConfigurationPlatforms) = postSolution
		{2A884304-3BE9-42A5-87CA-71D81B23CFF2}.Debug|Any CPU.ActiveCfg = Debug|Any CPU
		{2A884304-3BE9-42A5-87CA-71D81B23CFF2}.Debug|Any CPU.Build.0 = Debug|Any CPU
		{2A884304-3BE9-42A5-87CA-71D81B23CFF2}.Release|Any CPU.ActiveCfg = Release|Any CPU
		{2A884304-3BE9-42A5-87CA-71D81B23CFF2}.Release|Any CPU.Build.0 = Release|Any CPU
	EndGlobalSection
	GlobalSection(SolutionProperties) = preSolution
		HideSolutionNode = FALSE
	EndGlobalSection
	GlobalSection(ExtensibilityGlobals) = postSolution
		SolutionGuid = {1AE39E90-B1DF-4EEF-9219-2CB16BCA0248}
	EndGlobalSection
EndGlobal
